
Microsoft Visual Studio Solution File, Format Version 12.00
# Visual Studio 2012
Project("{8BC9CEB8-8B4A-11D0-8D11-00A0C91BC942}") = "Point3D", "Point3D\Point3D.vcxproj", "{7B4F45E5-BF59-4ACC-9306-285377F9486B}"
EndProject
Global
	GlobalSection(SolutionConfigurationPlatforms) = preSolution
		Debug|Win32 = Debug|Win32
		Release|Win32 = Release|Win32
	EndGlobalSection
	GlobalSection(ProjectConfigurationPlatforms) = postSolution
		{7B4F45E5-BF59-4ACC-9306-285377F9486B}.Debug|Win32.ActiveCfg = Debug|Win32
		{7B4F45E5-BF59-4ACC-9306-285377F9486B}.Debug|Win32.Build.0 = Debug|Win32
		{7B4F45E5-BF59-4ACC-9306-285377F9486B}.Release|Win32.ActiveCfg = Release|Win32
		{7B4F45E5-BF59-4ACC-9306-285377F9486B}.Release|Win32.Build.0 = Release|Win32
	EndGlobalSection
	GlobalSection(SolutionProperties) = preSolution
		HideSolutionNode = FALSE
	EndGlobalSection
EndGlobal
