
Microsoft Visual Studio Solution File, Format Version 12.00
# Visual Studio 2012
Project("{8BC9CEB8-8B4A-11D0-8D11-00A0C91BC942}") = "Bonne Pratique", "Bonne Pratique\Bonne Pratique.vcxproj", "{43E09B6B-C146-4D0B-8E87-5CC7884B750D}"
EndProject
Global
	GlobalSection(SolutionConfigurationPlatforms) = preSolution
		Debug|Win32 = Debug|Win32
		Release|Win32 = Release|Win32
	EndGlobalSection
	GlobalSection(ProjectConfigurationPlatforms) = postSolution
		{43E09B6B-C146-4D0B-8E87-5CC7884B750D}.Debug|Win32.ActiveCfg = Debug|Win32
		{43E09B6B-C146-4D0B-8E87-5CC7884B750D}.Debug|Win32.Build.0 = Debug|Win32
		{43E09B6B-C146-4D0B-8E87-5CC7884B750D}.Release|Win32.ActiveCfg = Release|Win32
		{43E09B6B-C146-4D0B-8E87-5CC7884B750D}.Release|Win32.Build.0 = Release|Win32
	EndGlobalSection
	GlobalSection(SolutionProperties) = preSolution
		HideSolutionNode = FALSE
	EndGlobalSection
EndGlobal
